// !$*UTF8*$!
{
	archiveVersion = 1;
	classes = {
	};
	objectVersion = 50;
	objects = {

/* Begin PBXBuildFile section */
		60BA8EFA22076C8D00643877 /* AppDelegate.swift in Sources */ = {isa = PBXBuildFile; fileRef = 60BA8EF922076C8D00643877 /* AppDelegate.swift */; };
		60BA8EFC22076C8D00643877 /* CoreAnimationDemoViewController.swift in Sources */ = {isa = PBXBuildFile; fileRef = 60BA8EFB22076C8D00643877 /* CoreAnimationDemoViewController.swift */; };
		60BA8EFF22076C8D00643877 /* Main.storyboard in Resources */ = {isa = PBXBuildFile; fileRef = 60BA8EFD22076C8D00643877 /* Main.storyboard */; };
		60BA8F0122076C8E00643877 /* Assets.xcassets in Resources */ = {isa = PBXBuildFile; fileRef = 60BA8F0022076C8E00643877 /* Assets.xcassets */; };
		60BA8F0422076C8E00643877 /* LaunchScreen.storyboard in Resources */ = {isa = PBXBuildFile; fileRef = 60BA8F0222076C8E00643877 /* LaunchScreen.storyboard */; };
		76115CCD226D2BA400595E55 /* UIAnimationDemoViewController.swift in Sources */ = {isa = PBXBuildFile; fileRef = 76115CCC226D2BA400595E55 /* UIAnimationDemoViewController.swift */; };
		76115CCF226D2C2A00595E55 /* GestureRecognizerDemoViewController.swift in Sources */ = {isa = PBXBuildFile; fileRef = 76115CCE226D2C2A00595E55 /* GestureRecognizerDemoViewController.swift */; };
		76115CD6226E3F3400595E55 /* LayerDemoViewController.swift in Sources */ = {isa = PBXBuildFile; fileRef = 76115CD5226E3F3400595E55 /* LayerDemoViewController.swift */; };
		76115CD8226E3FA700595E55 /* LayerViews.swift in Sources */ = {isa = PBXBuildFile; fileRef = 76115CD7226E3FA700595E55 /* LayerViews.swift */; };
		76115CDA226EB9EE00595E55 /* DrawingViewController.swift in Sources */ = {isa = PBXBuildFile; fileRef = 76115CD9226EB9EE00595E55 /* DrawingViewController.swift */; };
		76115CDC226EBA5E00595E55 /* DrawingView.swift in Sources */ = {isa = PBXBuildFile; fileRef = 76115CDB226EBA5E00595E55 /* DrawingView.swift */; };
/* End PBXBuildFile section */

/* Begin PBXFileReference section */
		60BA8EF622076C8D00643877 /* CoreAnimationDemo.app */ = {isa = PBXFileReference; explicitFileType = wrapper.application; includeInIndex = 0; path = CoreAnimationDemo.app; sourceTree = BUILT_PRODUCTS_DIR; };
		60BA8EF922076C8D00643877 /* AppDelegate.swift */ = {isa = PBXFileReference; lastKnownFileType = sourcecode.swift; path = AppDelegate.swift; sourceTree = "<group>"; };
		60BA8EFB22076C8D00643877 /* CoreAnimationDemoViewController.swift */ = {isa = PBXFileReference; lastKnownFileType = sourcecode.swift; path = CoreAnimationDemoViewController.swift; sourceTree = "<group>"; };
		60BA8EFE22076C8D00643877 /* Base */ = {isa = PBXFileReference; lastKnownFileType = file.storyboard; name = Base; path = Base.lproj/Main.storyboard; sourceTree = "<group>"; };
		60BA8F0022076C8E00643877 /* Assets.xcassets */ = {isa = PBXFileReference; lastKnownFileType = folder.assetcatalog; path = Assets.xcassets; sourceTree = "<group>"; };
		60BA8F0322076C8E00643877 /* Base */ = {isa = PBXFileReference; lastKnownFileType = file.storyboard; name = Base; path = Base.lproj/LaunchScreen.storyboard; sourceTree = "<group>"; };
		60BA8F0522076C8E00643877 /* Info.plist */ = {isa = PBXFileReference; lastKnownFileType = text.plist.xml; path = Info.plist; sourceTree = "<group>"; };
		76115CCC226D2BA400595E55 /* UIAnimationDemoViewController.swift */ = {isa = PBXFileReference; lastKnownFileType = sourcecode.swift; path = UIAnimationDemoViewController.swift; sourceTree = "<group>"; };
		76115CCE226D2C2A00595E55 /* GestureRecognizerDemoViewController.swift */ = {isa = PBXFileReference; lastKnownFileType = sourcecode.swift; path = GestureRecognizerDemoViewController.swift; sourceTree = "<group>"; };
		76115CD5226E3F3400595E55 /* LayerDemoViewController.swift */ = {isa = PBXFileReference; lastKnownFileType = sourcecode.swift; path = LayerDemoViewController.swift; sourceTree = "<group>"; };
		76115CD7226E3FA700595E55 /* LayerViews.swift */ = {isa = PBXFileReference; lastKnownFileType = sourcecode.swift; path = LayerViews.swift; sourceTree = "<group>"; };
		76115CD9226EB9EE00595E55 /* DrawingViewController.swift */ = {isa = PBXFileReference; lastKnownFileType = sourcecode.swift; path = DrawingViewController.swift; sourceTree = "<group>"; };
		76115CDB226EBA5E00595E55 /* DrawingView.swift */ = {isa = PBXFileReference; lastKnownFileType = sourcecode.swift; path = DrawingView.swift; sourceTree = "<group>"; };
/* End PBXFileReference section */

/* Begin PBXFrameworksBuildPhase section */
		60BA8EF322076C8D00643877 /* Frameworks */ = {
			isa = PBXFrameworksBuildPhase;
			buildActionMask = 2147483647;
			files = (
			);
			runOnlyForDeploymentPostprocessing = 0;
		};
/* End PBXFrameworksBuildPhase section */

/* Begin PBXGroup section */
		60BA8EED22076C8D00643877 = {
			isa = PBXGroup;
			children = (
				76115CDB226EBA5E00595E55 /* DrawingView.swift */,
				60BA8EF822076C8D00643877 /* CoreAnimationDemo */,
				60BA8EF722076C8D00643877 /* Products */,
			);
			sourceTree = "<group>";
		};
		60BA8EF722076C8D00643877 /* Products */ = {
			isa = PBXGroup;
			children = (
				60BA8EF622076C8D00643877 /* CoreAnimationDemo.app */,
			);
			name = Products;
			sourceTree = "<group>";
		};
		60BA8EF822076C8D00643877 /* CoreAnimationDemo */ = {
			isa = PBXGroup;
			children = (
				60BA8EF922076C8D00643877 /* AppDelegate.swift */,
				60BA8EFB22076C8D00643877 /* CoreAnimationDemoViewController.swift */,
				60BA8EFD22076C8D00643877 /* Main.storyboard */,
				76115CD7226E3FA700595E55 /* LayerViews.swift */,
				76115CD5226E3F3400595E55 /* LayerDemoViewController.swift */,
				76115CD9226EB9EE00595E55 /* DrawingViewController.swift */,
				76115CCE226D2C2A00595E55 /* GestureRecognizerDemoViewController.swift */,
				76115CCC226D2BA400595E55 /* UIAnimationDemoViewController.swift */,
				60BA8F0022076C8E00643877 /* Assets.xcassets */,
				60BA8F0222076C8E00643877 /* LaunchScreen.storyboard */,
				60BA8F0522076C8E00643877 /* Info.plist */,
			);
			path = CoreAnimationDemo;
			sourceTree = "<group>";
		};
/* End PBXGroup section */

/* Begin PBXNativeTarget section */
		60BA8EF522076C8D00643877 /* CoreAnimationDemo */ = {
			isa = PBXNativeTarget;
			buildConfigurationList = 60BA8F0822076C8E00643877 /* Build configuration list for PBXNativeTarget "CoreAnimationDemo" */;
			buildPhases = (
				60BA8EF222076C8D00643877 /* Sources */,
				60BA8EF322076C8D00643877 /* Frameworks */,
				60BA8EF422076C8D00643877 /* Resources */,
			);
			buildRules = (
			);
			dependencies = (
			);
			name = CoreAnimationDemo;
			productName = CoreAnimationDemo;
			productReference = 60BA8EF622076C8D00643877 /* CoreAnimationDemo.app */;
			productType = "com.apple.product-type.application";
		};
/* End PBXNativeTarget section */

/* Begin PBXProject section */
		60BA8EEE22076C8D00643877 /* Project object */ = {
			isa = PBXProject;
			attributes = {
				LastSwiftUpdateCheck = 1010;
				LastUpgradeCheck = 1010;
				ORGANIZATIONNAME = "Susan Stevens";
				TargetAttributes = {
					60BA8EF522076C8D00643877 = {
						CreatedOnToolsVersion = 10.1;
						LastSwiftMigration = 1020;
					};
				};
			};
			buildConfigurationList = 60BA8EF122076C8D00643877 /* Build configuration list for PBXProject "CoreAnimationDemo" */;
			compatibilityVersion = "Xcode 9.3";
			developmentRegion = en;
			hasScannedForEncodings = 0;
			knownRegions = (
				en,
				Base,
			);
			mainGroup = 60BA8EED22076C8D00643877;
			productRefGroup = 60BA8EF722076C8D00643877 /* Products */;
			projectDirPath = "";
			projectRoot = "";
			targets = (
				60BA8EF522076C8D00643877 /* CoreAnimationDemo */,
			);
		};
/* End PBXProject section */

/* Begin PBXResourcesBuildPhase section */
		60BA8EF422076C8D00643877 /* Resources */ = {
			isa = PBXResourcesBuildPhase;
			buildActionMask = 2147483647;
			files = (
				60BA8F0422076C8E00643877 /* LaunchScreen.storyboard in Resources */,
				60BA8F0122076C8E00643877 /* Assets.xcassets in Resources */,
				60BA8EFF22076C8D00643877 /* Main.storyboard in Resources */,
			);
			runOnlyForDeploymentPostprocessing = 0;
		};
/* End PBXResourcesBuildPhase section */

/* Begin PBXSourcesBuildPhase section */
		60BA8EF222076C8D00643877 /* Sources */ = {
			isa = PBXSourcesBuildPhase;
			buildActionMask = 2147483647;
			files = (
				76115CD6226E3F3400595E55 /* LayerDemoViewController.swift in Sources */,
				60BA8EFC22076C8D00643877 /* CoreAnimationDemoViewController.swift in Sources */,
				60BA8EFA22076C8D00643877 /* AppDelegate.swift in Sources */,
				76115CDC226EBA5E00595E55 /* DrawingView.swift in Sources */,
				76115CDA226EB9EE00595E55 /* DrawingViewController.swift in Sources */,
				76115CD8226E3FA700595E55 /* LayerViews.swift in Sources */,
				76115CCD226D2BA400595E55 /* UIAnimationDemoViewController.swift in Sources */,
				76115CCF226D2C2A00595E55 /* GestureRecognizerDemoViewController.swift in Sources */,
			);
			runOnlyForDeploymentPostprocessing = 0;
		};
/* End PBXSourcesBuildPhase section */

/* Begin PBXVariantGroup section */
		60BA8EFD22076C8D00643877 /* Main.storyboard */ = {
			isa = PBXVariantGroup;
			children = (
				60BA8EFE22076C8D00643877 /* Base */,
			);
			name = Main.storyboard;
			sourceTree = "<group>";
		};
		60BA8F0222076C8E00643877 /* LaunchScreen.storyboard */ = {
			isa = PBXVariantGroup;
			children = (
				60BA8F0322076C8E00643877 /* Base */,
			);
			name = LaunchScreen.storyboard;
			sourceTree = "<group>";
		};
/* End PBXVariantGroup section */

/* Begin XCBuildConfiguration section */
		60BA8F0622076C8E00643877 /* Debug */ = {
			isa = XCBuildConfiguration;
			buildSettings = {
				ALWAYS_SEARCH_USER_PATHS = NO;
				CLANG_ANALYZER_NONNULL = YES;
				CLANG_ANALYZER_NUMBER_OBJECT_CONVERSION = YES_AGGRESSIVE;
				CLANG_CXX_LANGUAGE_STANDARD = "gnu++14";
				CLANG_CXX_LIBRARY = "libc++";
				CLANG_ENABLE_MODULES = YES;
				CLANG_ENABLE_OBJC_ARC = YES;
				CLANG_ENABLE_OBJC_WEAK = YES;
				CLANG_WARN_BLOCK_CAPTURE_AUTORELEASING = YES;
				CLANG_WARN_BOOL_CONVERSION = YES;
				CLANG_WARN_COMMA = YES;
				CLANG_WARN_CONSTANT_CONVERSION = YES;
				CLANG_WARN_DEPRECATED_OBJC_IMPLEMENTATIONS = YES;
				CLANG_WARN_DIRECT_OBJC_ISA_USAGE = YES_ERROR;
				CLANG_WARN_DOCUMENTATION_COMMENTS = YES;
				CLANG_WARN_EMPTY_BODY = YES;
				CLANG_WARN_ENUM_CONVERSION = YES;
				CLANG_WARN_INFINITE_RECURSION = YES;
				CLANG_WARN_INT_CONVERSION = YES;
				CLANG_WARN_NON_LITERAL_NULL_CONVERSION = YES;
				CLANG_WARN_OBJC_IMPLICIT_RETAIN_SELF = YES;
				CLANG_WARN_OBJC_LITERAL_CONVERSION = YES;
				CLANG_WARN_OBJC_ROOT_CLASS = YES_ERROR;
				CLANG_WARN_RANGE_LOOP_ANALYSIS = YES;
				CLANG_WARN_STRICT_PROTOTYPES = YES;
				CLANG_WARN_SUSPICIOUS_MOVE = YES;
				CLANG_WARN_UNGUARDED_AVAILABILITY = YES_AGGRESSIVE;
				CLANG_WARN_UNREACHABLE_CODE = YES;
				CLANG_WARN__DUPLICATE_METHOD_MATCH = YES;
				CODE_SIGN_IDENTITY = "iPhone Developer";
				COPY_PHASE_STRIP = NO;
				DEBUG_INFORMATION_FORMAT = dwarf;
				ENABLE_STRICT_OBJC_MSGSEND = YES;
				ENABLE_TESTABILITY = YES;
				GCC_C_LANGUAGE_STANDARD = gnu11;
				GCC_DYNAMIC_NO_PIC = NO;
				GCC_NO_COMMON_BLOCKS = YES;
				GCC_OPTIMIZATION_LEVEL = 0;
				GCC_PREPROCESSOR_DEFINITIONS = (
					"DEBUG=1",
					"$(inherited)",
				);
				GCC_WARN_64_TO_32_BIT_CONVERSION = YES;
				GCC_WARN_ABOUT_RETURN_TYPE = YES_ERROR;
				GCC_WARN_UNDECLARED_SELECTOR = YES;
				GCC_WARN_UNINITIALIZED_AUTOS = YES_AGGRESSIVE;
				GCC_WARN_UNUSED_FUNCTION = YES;
				GCC_WARN_UNUSED_VARIABLE = YES;
				IPHONEOS_DEPLOYMENT_TARGET = 12.1;
				MTL_ENABLE_DEBUG_INFO = INCLUDE_SOURCE;
				MTL_FAST_MATH = YES;
				ONLY_ACTIVE_ARCH = YES;
				SDKROOT = iphoneos;
				SWIFT_ACTIVE_COMPILATION_CONDITIONS = DEBUG;
				SWIFT_OPTIMIZATION_LEVEL = "-Onone";
			};
			name = Debug;
		};
		60BA8F0722076C8E00643877 /* Release */ = {
			isa = XCBuildConfiguration;
			buildSettings = {
				ALWAYS_SEARCH_USER_PATHS = NO;
				CLANG_ANALYZER_NONNULL = YES;
				CLANG_ANALYZER_NUMBER_OBJECT_CONVERSION = YES_AGGRESSIVE;
				CLANG_CXX_LANGUAGE_STANDARD = "gnu++14";
				CLANG_CXX_LIBRARY = "libc++";
				CLANG_ENABLE_MODULES = YES;
				CLANG_ENABLE_OBJC_ARC = YES;
				CLANG_ENABLE_OBJC_WEAK = YES;
				CLANG_WARN_BLOCK_CAPTURE_AUTORELEASING = YES;
				CLANG_WARN_BOOL_CONVERSION = YES;
				CLANG_WARN_COMMA = YES;
				CLANG_WARN_CONSTANT_CONVERSION = YES;
				CLANG_WARN_DEPRECATED_OBJC_IMPLEMENTATIONS = YES;
				CLANG_WARN_DIRECT_OBJC_ISA_USAGE = YES_ERROR;
				CLANG_WARN_DOCUMENTATION_COMMENTS = YES;
				CLANG_WARN_EMPTY_BODY = YES;
				CLANG_WARN_ENUM_CONVERSION = YES;
				CLANG_WARN_INFINITE_RECURSION = YES;
				CLANG_WARN_INT_CONVERSION = YES;
				CLANG_WARN_NON_LITERAL_NULL_CONVERSION = YES;
				CLANG_WARN_OBJC_IMPLICIT_RETAIN_SELF = YES;
				CLANG_WARN_OBJC_LITERAL_CONVERSION = YES;
				CLANG_WARN_OBJC_ROOT_CLASS = YES_ERROR;
				CLANG_WARN_RANGE_LOOP_ANALYSIS = YES;
				CLANG_WARN_STRICT_PROTOTYPES = YES;
				CLANG_WARN_SUSPICIOUS_MOVE = YES;
				CLANG_WARN_UNGUARDED_AVAILABILITY = YES_AGGRESSIVE;
				CLANG_WARN_UNREACHABLE_CODE = YES;
				CLANG_WARN__DUPLICATE_METHOD_MATCH = YES;
				CODE_SIGN_IDENTITY = "iPhone Developer";
				COPY_PHASE_STRIP = NO;
				DEBUG_INFORMATION_FORMAT = "dwarf-with-dsym";
				ENABLE_NS_ASSERTIONS = NO;
				ENABLE_STRICT_OBJC_MSGSEND = YES;
				GCC_C_LANGUAGE_STANDARD = gnu11;
				GCC_NO_COMMON_BLOCKS = YES;
				GCC_WARN_64_TO_32_BIT_CONVERSION = YES;
				GCC_WARN_ABOUT_RETURN_TYPE = YES_ERROR;
				GCC_WARN_UNDECLARED_SELECTOR = YES;
				GCC_WARN_UNINITIALIZED_AUTOS = YES_AGGRESSIVE;
				GCC_WARN_UNUSED_FUNCTION = YES;
				GCC_WARN_UNUSED_VARIABLE = YES;
				IPHONEOS_DEPLOYMENT_TARGET = 12.1;
				MTL_ENABLE_DEBUG_INFO = NO;
				MTL_FAST_MATH = YES;
				SDKROOT = iphoneos;
				SWIFT_COMPILATION_MODE = wholemodule;
				SWIFT_OPTIMIZATION_LEVEL = "-O";
				VALIDATE_PRODUCT = YES;
			};
			name = Release;
		};
		60BA8F0922076C8E00643877 /* Debug */ = {
			isa = XCBuildConfiguration;
			buildSettings = {
				ASSETCATALOG_COMPILER_APPICON_NAME = AppIcon;
				CODE_SIGN_STYLE = Automatic;
				DEVELOPMENT_TEAM = MED853AU4Q;
				INFOPLIST_FILE = CoreAnimationDemo/Info.plist;
				LD_RUNPATH_SEARCH_PATHS = (
					"$(inherited)",
					"@executable_path/Frameworks",
				);
				PRODUCT_BUNDLE_IDENTIFIER = com.susanstevens.CoreAnimationDemo;
				PRODUCT_NAME = "$(TARGET_NAME)";
				SWIFT_VERSION = 5.0;
				TARGETED_DEVICE_FAMILY = "1,2";
			};
			name = Debug;
		};
		60BA8F0A22076C8E00643877 /* Release */ = {
			isa = XCBuildConfiguration;
			buildSettings = {
				ASSETCATALOG_COMPILER_APPICON_NAME = AppIcon;
				CODE_SIGN_STYLE = Automatic;
				DEVELOPMENT_TEAM = MED853AU4Q;
				INFOPLIST_FILE = CoreAnimationDemo/Info.plist;
				LD_RUNPATH_SEARCH_PATHS = (
					"$(inherited)",
					"@executable_path/Frameworks",
				);
				PRODUCT_BUNDLE_IDENTIFIER = com.susanstevens.CoreAnimationDemo;
				PRODUCT_NAME = "$(TARGET_NAME)";
				SWIFT_VERSION = 5.0;
				TARGETED_DEVICE_FAMILY = "1,2";
			};
			name = Release;
		};
/* End XCBuildConfiguration section */

/* Begin XCConfigurationList section */
		60BA8EF122076C8D00643877 /* Build configuration list for PBXProject "CoreAnimationDemo" */ = {
			isa = XCConfigurationList;
			buildConfigurations = (
				60BA8F0622076C8E00643877 /* Debug */,
				60BA8F0722076C8E00643877 /* Release */,
			);
			defaultConfigurationIsVisible = 0;
			defaultConfigurationName = Release;
		};
		60BA8F0822076C8E00643877 /* Build configuration list for PBXNativeTarget "CoreAnimationDemo" */ = {
			isa = XCConfigurationList;
			buildConfigurations = (
				60BA8F0922076C8E00643877 /* Debug */,
				60BA8F0A22076C8E00643877 /* Release */,
			);
			defaultConfigurationIsVisible = 0;
			defaultConfigurationName = Release;
		};
/* End XCConfigurationList section */
	};
	rootObject = 60BA8EEE22076C8D00643877 /* Project object */;
}
